// !$*UTF8*$!
{
	archiveVersion = 1;
	classes = {
	};
	objectVersion = 56;
	objects = {

/* Begin PBXBuildFile section */
		F02830922A151B8A0056A2D3 /* Alamofire in Frameworks */ = {isa = PBXBuildFile; productRef = F02830912A151B8A0056A2D3 /* Alamofire */; };
		F02830952A151BBC0056A2D3 /* BaseService.swift in Sources */ = {isa = PBXBuildFile; fileRef = F02830942A151BBC0056A2D3 /* BaseService.swift */; };
		F02830972A151BEB0056A2D3 /* ServiceProtocol.swift in Sources */ = {isa = PBXBuildFile; fileRef = F02830962A151BEB0056A2D3 /* ServiceProtocol.swift */; };
		F028309C2A151E060056A2D3 /* RemoteRepository.swift in Sources */ = {isa = PBXBuildFile; fileRef = F028309B2A151E060056A2D3 /* RemoteRepository.swift */; };
		F02830A02A151EAB0056A2D3 /* Encodable.swift in Sources */ = {isa = PBXBuildFile; fileRef = F028309F2A151EAB0056A2D3 /* Encodable.swift */; };
		F02830A32A151F080056A2D3 /* DataConstants.swift in Sources */ = {isa = PBXBuildFile; fileRef = F02830A22A151F080056A2D3 /* DataConstants.swift */; };
		F02830A82A152F780056A2D3 /* SearchEngineView.swift in Sources */ = {isa = PBXBuildFile; fileRef = F02830A72A152F780056A2D3 /* SearchEngineView.swift */; };
		F02830AA2A15306C0056A2D3 /* SearchEngineViewModel.swift in Sources */ = {isa = PBXBuildFile; fileRef = F02830A92A15306C0056A2D3 /* SearchEngineViewModel.swift */; };
		F02830AD2A153BFF0056A2D3 /* Colors.xcassets in Resources */ = {isa = PBXBuildFile; fileRef = F02830AC2A153BFF0056A2D3 /* Colors.xcassets */; };
		F06F62D72A15E2A2007FF437 /* SearchUseCase.swift in Sources */ = {isa = PBXBuildFile; fileRef = F06F62D62A15E2A2007FF437 /* SearchUseCase.swift */; };
		F06F62D92A15E2A9007FF437 /* SearchUseCaseProtocol.swift in Sources */ = {isa = PBXBuildFile; fileRef = F06F62D82A15E2A9007FF437 /* SearchUseCaseProtocol.swift */; };
		F06F62DB2A15E2C5007FF437 /* BaseUseCase.swift in Sources */ = {isa = PBXBuildFile; fileRef = F06F62DA2A15E2C5007FF437 /* BaseUseCase.swift */; };
		F06F62DD2A15E2D5007FF437 /* BaseUseCaseProtocol.swift in Sources */ = {isa = PBXBuildFile; fileRef = F06F62DC2A15E2D5007FF437 /* BaseUseCaseProtocol.swift */; };
		F06F62E02A15E436007FF437 /* GetProductsRequest.swift in Sources */ = {isa = PBXBuildFile; fileRef = F06F62DF2A15E436007FF437 /* GetProductsRequest.swift */; };
		F06F62E22A1682B1007FF437 /* GetProductsResponse.swift in Sources */ = {isa = PBXBuildFile; fileRef = F06F62E12A1682B1007FF437 /* GetProductsResponse.swift */; };
		F06F62E52A1682FF007FF437 /* Product.swift in Sources */ = {isa = PBXBuildFile; fileRef = F06F62E42A1682FF007FF437 /* Product.swift */; };
		F0C65F702A13EBEE00D079DA /* Meli_TestApp.swift in Sources */ = {isa = PBXBuildFile; fileRef = F0C65F6F2A13EBEE00D079DA /* Meli_TestApp.swift */; };
		F0C65F742A13EBEF00D079DA /* Assets.xcassets in Resources */ = {isa = PBXBuildFile; fileRef = F0C65F732A13EBEF00D079DA /* Assets.xcassets */; };
		F0C65F782A13EBEF00D079DA /* Preview Assets.xcassets in Resources */ = {isa = PBXBuildFile; fileRef = F0C65F772A13EBEF00D079DA /* Preview Assets.xcassets */; };
		F0C65F822A13EBEF00D079DA /* Meli_TestTests.swift in Sources */ = {isa = PBXBuildFile; fileRef = F0C65F812A13EBEF00D079DA /* Meli_TestTests.swift */; };
		F0C65F8C2A13EBEF00D079DA /* Meli_TestUITests.swift in Sources */ = {isa = PBXBuildFile; fileRef = F0C65F8B2A13EBEF00D079DA /* Meli_TestUITests.swift */; };
		F0C65F8E2A13EBEF00D079DA /* Meli_TestUITestsLaunchTests.swift in Sources */ = {isa = PBXBuildFile; fileRef = F0C65F8D2A13EBEF00D079DA /* Meli_TestUITestsLaunchTests.swift */; };
/* End PBXBuildFile section */

/* Begin PBXContainerItemProxy section */
		F0C65F7E2A13EBEF00D079DA /* PBXContainerItemProxy */ = {
			isa = PBXContainerItemProxy;
			containerPortal = F0C65F642A13EBEE00D079DA /* Project object */;
			proxyType = 1;
			remoteGlobalIDString = F0C65F6B2A13EBEE00D079DA;
			remoteInfo = "Meli Test";
		};
		F0C65F882A13EBEF00D079DA /* PBXContainerItemProxy */ = {
			isa = PBXContainerItemProxy;
			containerPortal = F0C65F642A13EBEE00D079DA /* Project object */;
			proxyType = 1;
			remoteGlobalIDString = F0C65F6B2A13EBEE00D079DA;
			remoteInfo = "Meli Test";
		};
/* End PBXContainerItemProxy section */

/* Begin PBXFileReference section */
		F02830942A151BBC0056A2D3 /* BaseService.swift */ = {isa = PBXFileReference; lastKnownFileType = sourcecode.swift; path = BaseService.swift; sourceTree = "<group>"; };
		F02830962A151BEB0056A2D3 /* ServiceProtocol.swift */ = {isa = PBXFileReference; lastKnownFileType = sourcecode.swift; path = ServiceProtocol.swift; sourceTree = "<group>"; };
		F028309B2A151E060056A2D3 /* RemoteRepository.swift */ = {isa = PBXFileReference; lastKnownFileType = sourcecode.swift; path = RemoteRepository.swift; sourceTree = "<group>"; };
		F028309F2A151EAB0056A2D3 /* Encodable.swift */ = {isa = PBXFileReference; lastKnownFileType = sourcecode.swift; path = Encodable.swift; sourceTree = "<group>"; };
		F02830A22A151F080056A2D3 /* DataConstants.swift */ = {isa = PBXFileReference; lastKnownFileType = sourcecode.swift; path = DataConstants.swift; sourceTree = "<group>"; };
		F02830A72A152F780056A2D3 /* SearchEngineView.swift */ = {isa = PBXFileReference; lastKnownFileType = sourcecode.swift; path = SearchEngineView.swift; sourceTree = "<group>"; };
		F02830A92A15306C0056A2D3 /* SearchEngineViewModel.swift */ = {isa = PBXFileReference; lastKnownFileType = sourcecode.swift; path = SearchEngineViewModel.swift; sourceTree = "<group>"; };
		F02830AC2A153BFF0056A2D3 /* Colors.xcassets */ = {isa = PBXFileReference; lastKnownFileType = folder.assetcatalog; path = Colors.xcassets; sourceTree = "<group>"; };
		F06F62D62A15E2A2007FF437 /* SearchUseCase.swift */ = {isa = PBXFileReference; lastKnownFileType = sourcecode.swift; path = SearchUseCase.swift; sourceTree = "<group>"; };
		F06F62D82A15E2A9007FF437 /* SearchUseCaseProtocol.swift */ = {isa = PBXFileReference; lastKnownFileType = sourcecode.swift; path = SearchUseCaseProtocol.swift; sourceTree = "<group>"; };
		F06F62DA2A15E2C5007FF437 /* BaseUseCase.swift */ = {isa = PBXFileReference; lastKnownFileType = sourcecode.swift; path = BaseUseCase.swift; sourceTree = "<group>"; };
		F06F62DC2A15E2D5007FF437 /* BaseUseCaseProtocol.swift */ = {isa = PBXFileReference; lastKnownFileType = sourcecode.swift; path = BaseUseCaseProtocol.swift; sourceTree = "<group>"; };
		F06F62DF2A15E436007FF437 /* GetProductsRequest.swift */ = {isa = PBXFileReference; lastKnownFileType = sourcecode.swift; path = GetProductsRequest.swift; sourceTree = "<group>"; };
		F06F62E12A1682B1007FF437 /* GetProductsResponse.swift */ = {isa = PBXFileReference; lastKnownFileType = sourcecode.swift; path = GetProductsResponse.swift; sourceTree = "<group>"; };
		F06F62E42A1682FF007FF437 /* Product.swift */ = {isa = PBXFileReference; lastKnownFileType = sourcecode.swift; path = Product.swift; sourceTree = "<group>"; };
		F0C65F6C2A13EBEE00D079DA /* Meli Test.app */ = {isa = PBXFileReference; explicitFileType = wrapper.application; includeInIndex = 0; path = "Meli Test.app"; sourceTree = BUILT_PRODUCTS_DIR; };
		F0C65F6F2A13EBEE00D079DA /* Meli_TestApp.swift */ = {isa = PBXFileReference; lastKnownFileType = sourcecode.swift; path = Meli_TestApp.swift; sourceTree = "<group>"; };
		F0C65F732A13EBEF00D079DA /* Assets.xcassets */ = {isa = PBXFileReference; lastKnownFileType = folder.assetcatalog; path = Assets.xcassets; sourceTree = "<group>"; };
		F0C65F752A13EBEF00D079DA /* Meli_Test.entitlements */ = {isa = PBXFileReference; lastKnownFileType = text.plist.entitlements; path = Meli_Test.entitlements; sourceTree = "<group>"; };
		F0C65F772A13EBEF00D079DA /* Preview Assets.xcassets */ = {isa = PBXFileReference; lastKnownFileType = folder.assetcatalog; path = "Preview Assets.xcassets"; sourceTree = "<group>"; };
		F0C65F7D2A13EBEF00D079DA /* Meli TestTests.xctest */ = {isa = PBXFileReference; explicitFileType = wrapper.cfbundle; includeInIndex = 0; path = "Meli TestTests.xctest"; sourceTree = BUILT_PRODUCTS_DIR; };
		F0C65F812A13EBEF00D079DA /* Meli_TestTests.swift */ = {isa = PBXFileReference; lastKnownFileType = sourcecode.swift; path = Meli_TestTests.swift; sourceTree = "<group>"; };
		F0C65F872A13EBEF00D079DA /* Meli TestUITests.xctest */ = {isa = PBXFileReference; explicitFileType = wrapper.cfbundle; includeInIndex = 0; path = "Meli TestUITests.xctest"; sourceTree = BUILT_PRODUCTS_DIR; };
		F0C65F8B2A13EBEF00D079DA /* Meli_TestUITests.swift */ = {isa = PBXFileReference; lastKnownFileType = sourcecode.swift; path = Meli_TestUITests.swift; sourceTree = "<group>"; };
		F0C65F8D2A13EBEF00D079DA /* Meli_TestUITestsLaunchTests.swift */ = {isa = PBXFileReference; lastKnownFileType = sourcecode.swift; path = Meli_TestUITestsLaunchTests.swift; sourceTree = "<group>"; };
/* End PBXFileReference section */

/* Begin PBXFrameworksBuildPhase section */
		F0C65F692A13EBEE00D079DA /* Frameworks */ = {
			isa = PBXFrameworksBuildPhase;
			buildActionMask = 2147483647;
			files = (
				F02830922A151B8A0056A2D3 /* Alamofire in Frameworks */,
			);
			runOnlyForDeploymentPostprocessing = 0;
		};
		F0C65F7A2A13EBEF00D079DA /* Frameworks */ = {
			isa = PBXFrameworksBuildPhase;
			buildActionMask = 2147483647;
			files = (
			);
			runOnlyForDeploymentPostprocessing = 0;
		};
		F0C65F842A13EBEF00D079DA /* Frameworks */ = {
			isa = PBXFrameworksBuildPhase;
			buildActionMask = 2147483647;
			files = (
			);
			runOnlyForDeploymentPostprocessing = 0;
		};
/* End PBXFrameworksBuildPhase section */

/* Begin PBXGroup section */
		F028308E2A151AB90056A2D3 /* Data */ = {
			isa = PBXGroup;
			children = (
				F028308F2A151AC70056A2D3 /* Remote */,
				F028309A2A151DD70056A2D3 /* Repositories */,
				F02830A12A151EF50056A2D3 /* Utils */,
			);
			path = Data;
			sourceTree = "<group>";
		};
		F028308F2A151AC70056A2D3 /* Remote */ = {
			isa = PBXGroup;
			children = (
				F02830932A151B950056A2D3 /* Services */,
			);
			path = Remote;
			sourceTree = "<group>";
		};
		F02830932A151B950056A2D3 /* Services */ = {
			isa = PBXGroup;
			children = (
				F02830942A151BBC0056A2D3 /* BaseService.swift */,
				F02830962A151BEB0056A2D3 /* ServiceProtocol.swift */,
			);
			path = Services;
			sourceTree = "<group>";
		};
		F028309A2A151DD70056A2D3 /* Repositories */ = {
			isa = PBXGroup;
			children = (
				F028309B2A151E060056A2D3 /* RemoteRepository.swift */,
			);
			path = Repositories;
			sourceTree = "<group>";
		};
		F028309D2A151E870056A2D3 /* Common */ = {
			isa = PBXGroup;
			children = (
				F028309E2A151E960056A2D3 /* Extensions */,
			);
			path = Common;
			sourceTree = "<group>";
		};
		F028309E2A151E960056A2D3 /* Extensions */ = {
			isa = PBXGroup;
			children = (
				F028309F2A151EAB0056A2D3 /* Encodable.swift */,
			);
			path = Extensions;
			sourceTree = "<group>";
		};
		F02830A12A151EF50056A2D3 /* Utils */ = {
			isa = PBXGroup;
			children = (
				F02830A22A151F080056A2D3 /* DataConstants.swift */,
			);
			path = Utils;
			sourceTree = "<group>";
		};
		F02830A42A152CD10056A2D3 /* Presentation */ = {
			isa = PBXGroup;
			children = (
				F02830AB2A153BDF0056A2D3 /* Assets */,
				F02830A52A152D050056A2D3 /* Stories */,
			);
			path = Presentation;
			sourceTree = "<group>";
		};
		F02830A52A152D050056A2D3 /* Stories */ = {
			isa = PBXGroup;
			children = (
				F02830A62A152F660056A2D3 /* Search Engine */,
			);
			path = Stories;
			sourceTree = "<group>";
		};
		F02830A62A152F660056A2D3 /* Search Engine */ = {
			isa = PBXGroup;
			children = (
				F02830A72A152F780056A2D3 /* SearchEngineView.swift */,
				F02830A92A15306C0056A2D3 /* SearchEngineViewModel.swift */,
			);
			path = "Search Engine";
			sourceTree = "<group>";
		};
		F02830AB2A153BDF0056A2D3 /* Assets */ = {
			isa = PBXGroup;
			children = (
				F02830AC2A153BFF0056A2D3 /* Colors.xcassets */,
			);
			path = Assets;
			sourceTree = "<group>";
		};
		F06F62D22A15E250007FF437 /* Domain */ = {
			isa = PBXGroup;
			children = (
				F06F62D32A15E262007FF437 /* Models */,
				F06F62D42A15E267007FF437 /* Use Cases */,
			);
			path = Domain;
			sourceTree = "<group>";
		};
		F06F62D32A15E262007FF437 /* Models */ = {
			isa = PBXGroup;
			children = (
				F06F62E32A1682F1007FF437 /* Product */,
				F06F62DE2A15E426007FF437 /* Search */,
			);
			path = Models;
			sourceTree = "<group>";
		};
		F06F62D42A15E267007FF437 /* Use Cases */ = {
			isa = PBXGroup;
			children = (
				F06F62DA2A15E2C5007FF437 /* BaseUseCase.swift */,
				F06F62DC2A15E2D5007FF437 /* BaseUseCaseProtocol.swift */,
				F06F62D52A15E295007FF437 /* Search */,
			);
			path = "Use Cases";
			sourceTree = "<group>";
		};
		F06F62D52A15E295007FF437 /* Search */ = {
			isa = PBXGroup;
			children = (
				F06F62D62A15E2A2007FF437 /* SearchUseCase.swift */,
				F06F62D82A15E2A9007FF437 /* SearchUseCaseProtocol.swift */,
			);
			path = Search;
			sourceTree = "<group>";
		};
		F06F62DE2A15E426007FF437 /* Search */ = {
			isa = PBXGroup;
			children = (
				F06F62DF2A15E436007FF437 /* GetProductsRequest.swift */,
				F06F62E12A1682B1007FF437 /* GetProductsResponse.swift */,
			);
			path = Search;
			sourceTree = "<group>";
		};
		F06F62E32A1682F1007FF437 /* Product */ = {
			isa = PBXGroup;
			children = (
				F06F62E42A1682FF007FF437 /* Product.swift */,
			);
			path = Product;
			sourceTree = "<group>";
		};
		F0C65F632A13EBEE00D079DA = {
			isa = PBXGroup;
			children = (
				F0C65F6E2A13EBEE00D079DA /* Meli Test */,
				F0C65F802A13EBEF00D079DA /* Meli TestTests */,
				F0C65F8A2A13EBEF00D079DA /* Meli TestUITests */,
				F0C65F6D2A13EBEE00D079DA /* Products */,
			);
			sourceTree = "<group>";
		};
		F0C65F6D2A13EBEE00D079DA /* Products */ = {
			isa = PBXGroup;
			children = (
				F0C65F6C2A13EBEE00D079DA /* Meli Test.app */,
				F0C65F7D2A13EBEF00D079DA /* Meli TestTests.xctest */,
				F0C65F872A13EBEF00D079DA /* Meli TestUITests.xctest */,
			);
			name = Products;
			sourceTree = "<group>";
		};
		F0C65F6E2A13EBEE00D079DA /* Meli Test */ = {
			isa = PBXGroup;
			children = (
				F0C65F6F2A13EBEE00D079DA /* Meli_TestApp.swift */,
				F028309D2A151E870056A2D3 /* Common */,
				F028308E2A151AB90056A2D3 /* Data */,
				F06F62D22A15E250007FF437 /* Domain */,
				F02830A42A152CD10056A2D3 /* Presentation */,
				F0C65F732A13EBEF00D079DA /* Assets.xcassets */,
				F0C65F752A13EBEF00D079DA /* Meli_Test.entitlements */,
				F0C65F762A13EBEF00D079DA /* Preview Content */,
			);
			path = "Meli Test";
			sourceTree = "<group>";
		};
		F0C65F762A13EBEF00D079DA /* Preview Content */ = {
			isa = PBXGroup;
			children = (
				F0C65F772A13EBEF00D079DA /* Preview Assets.xcassets */,
			);
			path = "Preview Content";
			sourceTree = "<group>";
		};
		F0C65F802A13EBEF00D079DA /* Meli TestTests */ = {
			isa = PBXGroup;
			children = (
				F0C65F812A13EBEF00D079DA /* Meli_TestTests.swift */,
			);
			path = "Meli TestTests";
			sourceTree = "<group>";
		};
		F0C65F8A2A13EBEF00D079DA /* Meli TestUITests */ = {
			isa = PBXGroup;
			children = (
				F0C65F8B2A13EBEF00D079DA /* Meli_TestUITests.swift */,
				F0C65F8D2A13EBEF00D079DA /* Meli_TestUITestsLaunchTests.swift */,
			);
			path = "Meli TestUITests";
			sourceTree = "<group>";
		};
/* End PBXGroup section */

/* Begin PBXNativeTarget section */
		F0C65F6B2A13EBEE00D079DA /* Meli Test */ = {
			isa = PBXNativeTarget;
			buildConfigurationList = F0C65F912A13EBEF00D079DA /* Build configuration list for PBXNativeTarget "Meli Test" */;
			buildPhases = (
				F0C65F682A13EBEE00D079DA /* Sources */,
				F0C65F692A13EBEE00D079DA /* Frameworks */,
				F0C65F6A2A13EBEE00D079DA /* Resources */,
			);
			buildRules = (
			);
			dependencies = (
			);
			name = "Meli Test";
			packageProductDependencies = (
				F02830912A151B8A0056A2D3 /* Alamofire */,
			);
			productName = "Meli Test";
			productReference = F0C65F6C2A13EBEE00D079DA /* Meli Test.app */;
			productType = "com.apple.product-type.application";
		};
		F0C65F7C2A13EBEF00D079DA /* Meli TestTests */ = {
			isa = PBXNativeTarget;
			buildConfigurationList = F0C65F942A13EBEF00D079DA /* Build configuration list for PBXNativeTarget "Meli TestTests" */;
			buildPhases = (
				F0C65F792A13EBEF00D079DA /* Sources */,
				F0C65F7A2A13EBEF00D079DA /* Frameworks */,
				F0C65F7B2A13EBEF00D079DA /* Resources */,
			);
			buildRules = (
			);
			dependencies = (
				F0C65F7F2A13EBEF00D079DA /* PBXTargetDependency */,
			);
			name = "Meli TestTests";
			productName = "Meli TestTests";
			productReference = F0C65F7D2A13EBEF00D079DA /* Meli TestTests.xctest */;
			productType = "com.apple.product-type.bundle.unit-test";
		};
		F0C65F862A13EBEF00D079DA /* Meli TestUITests */ = {
			isa = PBXNativeTarget;
			buildConfigurationList = F0C65F972A13EBEF00D079DA /* Build configuration list for PBXNativeTarget "Meli TestUITests" */;
			buildPhases = (
				F0C65F832A13EBEF00D079DA /* Sources */,
				F0C65F842A13EBEF00D079DA /* Frameworks */,
				F0C65F852A13EBEF00D079DA /* Resources */,
			);
			buildRules = (
			);
			dependencies = (
				F0C65F892A13EBEF00D079DA /* PBXTargetDependency */,
			);
			name = "Meli TestUITests";
			productName = "Meli TestUITests";
			productReference = F0C65F872A13EBEF00D079DA /* Meli TestUITests.xctest */;
			productType = "com.apple.product-type.bundle.ui-testing";
		};
/* End PBXNativeTarget section */

/* Begin PBXProject section */
		F0C65F642A13EBEE00D079DA /* Project object */ = {
			isa = PBXProject;
			attributes = {
				BuildIndependentTargetsInParallel = 1;
				LastSwiftUpdateCheck = 1430;
				LastUpgradeCheck = 1430;
				TargetAttributes = {
					F0C65F6B2A13EBEE00D079DA = {
						CreatedOnToolsVersion = 14.3;
					};
					F0C65F7C2A13EBEF00D079DA = {
						CreatedOnToolsVersion = 14.3;
						TestTargetID = F0C65F6B2A13EBEE00D079DA;
					};
					F0C65F862A13EBEF00D079DA = {
						CreatedOnToolsVersion = 14.3;
						TestTargetID = F0C65F6B2A13EBEE00D079DA;
					};
				};
			};
			buildConfigurationList = F0C65F672A13EBEE00D079DA /* Build configuration list for PBXProject "Meli Test" */;
			compatibilityVersion = "Xcode 14.0";
			developmentRegion = en;
			hasScannedForEncodings = 0;
			knownRegions = (
				en,
				Base,
			);
			mainGroup = F0C65F632A13EBEE00D079DA;
			packageReferences = (
				F02830902A151B8A0056A2D3 /* XCRemoteSwiftPackageReference "Alamofire" */,
			);
			productRefGroup = F0C65F6D2A13EBEE00D079DA /* Products */;
			projectDirPath = "";
			projectRoot = "";
			targets = (
				F0C65F6B2A13EBEE00D079DA /* Meli Test */,
				F0C65F7C2A13EBEF00D079DA /* Meli TestTests */,
				F0C65F862A13EBEF00D079DA /* Meli TestUITests */,
			);
		};
/* End PBXProject section */

/* Begin PBXResourcesBuildPhase section */
		F0C65F6A2A13EBEE00D079DA /* Resources */ = {
			isa = PBXResourcesBuildPhase;
			buildActionMask = 2147483647;
			files = (
				F02830AD2A153BFF0056A2D3 /* Colors.xcassets in Resources */,
				F0C65F782A13EBEF00D079DA /* Preview Assets.xcassets in Resources */,
				F0C65F742A13EBEF00D079DA /* Assets.xcassets in Resources */,
			);
			runOnlyForDeploymentPostprocessing = 0;
		};
		F0C65F7B2A13EBEF00D079DA /* Resources */ = {
			isa = PBXResourcesBuildPhase;
			buildActionMask = 2147483647;
			files = (
			);
			runOnlyForDeploymentPostprocessing = 0;
		};
		F0C65F852A13EBEF00D079DA /* Resources */ = {
			isa = PBXResourcesBuildPhase;
			buildActionMask = 2147483647;
			files = (
			);
			runOnlyForDeploymentPostprocessing = 0;
		};
/* End PBXResourcesBuildPhase section */

/* Begin PBXSourcesBuildPhase section */
		F0C65F682A13EBEE00D079DA /* Sources */ = {
			isa = PBXSourcesBuildPhase;
			buildActionMask = 2147483647;
			files = (
				F02830A02A151EAB0056A2D3 /* Encodable.swift in Sources */,
				F028309C2A151E060056A2D3 /* RemoteRepository.swift in Sources */,
				F02830A82A152F780056A2D3 /* SearchEngineView.swift in Sources */,
				F06F62E22A1682B1007FF437 /* GetProductsResponse.swift in Sources */,
				F0C65F702A13EBEE00D079DA /* Meli_TestApp.swift in Sources */,
				F02830AA2A15306C0056A2D3 /* SearchEngineViewModel.swift in Sources */,
				F06F62E02A15E436007FF437 /* GetProductsRequest.swift in Sources */,
				F02830A32A151F080056A2D3 /* DataConstants.swift in Sources */,
				F06F62E52A1682FF007FF437 /* Product.swift in Sources */,
				F06F62D72A15E2A2007FF437 /* SearchUseCase.swift in Sources */,
				F02830952A151BBC0056A2D3 /* BaseService.swift in Sources */,
				F06F62DD2A15E2D5007FF437 /* BaseUseCaseProtocol.swift in Sources */,
				F02830972A151BEB0056A2D3 /* ServiceProtocol.swift in Sources */,
				F06F62DB2A15E2C5007FF437 /* BaseUseCase.swift in Sources */,
				F06F62D92A15E2A9007FF437 /* SearchUseCaseProtocol.swift in Sources */,
			);
			runOnlyForDeploymentPostprocessing = 0;
		};
		F0C65F792A13EBEF00D079DA /* Sources */ = {
			isa = PBXSourcesBuildPhase;
			buildActionMask = 2147483647;
			files = (
				F0C65F822A13EBEF00D079DA /* Meli_TestTests.swift in Sources */,
			);
			runOnlyForDeploymentPostprocessing = 0;
		};
		F0C65F832A13EBEF00D079DA /* Sources */ = {
			isa = PBXSourcesBuildPhase;
			buildActionMask = 2147483647;
			files = (
				F0C65F8C2A13EBEF00D079DA /* Meli_TestUITests.swift in Sources */,
				F0C65F8E2A13EBEF00D079DA /* Meli_TestUITestsLaunchTests.swift in Sources */,
			);
			runOnlyForDeploymentPostprocessing = 0;
		};
/* End PBXSourcesBuildPhase section */

/* Begin PBXTargetDependency section */
		F0C65F7F2A13EBEF00D079DA /* PBXTargetDependency */ = {
			isa = PBXTargetDependency;
			target = F0C65F6B2A13EBEE00D079DA /* Meli Test */;
			targetProxy = F0C65F7E2A13EBEF00D079DA /* PBXContainerItemProxy */;
		};
		F0C65F892A13EBEF00D079DA /* PBXTargetDependency */ = {
			isa = PBXTargetDependency;
			target = F0C65F6B2A13EBEE00D079DA /* Meli Test */;
			targetProxy = F0C65F882A13EBEF00D079DA /* PBXContainerItemProxy */;
		};
/* End PBXTargetDependency section */

/* Begin XCBuildConfiguration section */
		F0C65F8F2A13EBEF00D079DA /* Debug */ = {
			isa = XCBuildConfiguration;
			buildSettings = {
				ALWAYS_SEARCH_USER_PATHS = NO;
				CLANG_ANALYZER_NONNULL = YES;
				CLANG_ANALYZER_NUMBER_OBJECT_CONVERSION = YES_AGGRESSIVE;
				CLANG_CXX_LANGUAGE_STANDARD = "gnu++20";
				CLANG_ENABLE_MODULES = YES;
				CLANG_ENABLE_OBJC_ARC = YES;
				CLANG_ENABLE_OBJC_WEAK = YES;
				CLANG_WARN_BLOCK_CAPTURE_AUTORELEASING = YES;
				CLANG_WARN_BOOL_CONVERSION = YES;
				CLANG_WARN_COMMA = YES;
				CLANG_WARN_CONSTANT_CONVERSION = YES;
				CLANG_WARN_DEPRECATED_OBJC_IMPLEMENTATIONS = YES;
				CLANG_WARN_DIRECT_OBJC_ISA_USAGE = YES_ERROR;
				CLANG_WARN_DOCUMENTATION_COMMENTS = YES;
				CLANG_WARN_EMPTY_BODY = YES;
				CLANG_WARN_ENUM_CONVERSION = YES;
				CLANG_WARN_INFINITE_RECURSION = YES;
				CLANG_WARN_INT_CONVERSION = YES;
				CLANG_WARN_NON_LITERAL_NULL_CONVERSION = YES;
				CLANG_WARN_OBJC_IMPLICIT_RETAIN_SELF = YES;
				CLANG_WARN_OBJC_LITERAL_CONVERSION = YES;
				CLANG_WARN_OBJC_ROOT_CLASS = YES_ERROR;
				CLANG_WARN_QUOTED_INCLUDE_IN_FRAMEWORK_HEADER = YES;
				CLANG_WARN_RANGE_LOOP_ANALYSIS = YES;
				CLANG_WARN_STRICT_PROTOTYPES = YES;
				CLANG_WARN_SUSPICIOUS_MOVE = YES;
				CLANG_WARN_UNGUARDED_AVAILABILITY = YES_AGGRESSIVE;
				CLANG_WARN_UNREACHABLE_CODE = YES;
				CLANG_WARN__DUPLICATE_METHOD_MATCH = YES;
				COPY_PHASE_STRIP = NO;
				DEBUG_INFORMATION_FORMAT = dwarf;
				ENABLE_STRICT_OBJC_MSGSEND = YES;
				ENABLE_TESTABILITY = YES;
				GCC_C_LANGUAGE_STANDARD = gnu11;
				GCC_DYNAMIC_NO_PIC = NO;
				GCC_NO_COMMON_BLOCKS = YES;
				GCC_OPTIMIZATION_LEVEL = 0;
				GCC_PREPROCESSOR_DEFINITIONS = (
					"DEBUG=1",
					"$(inherited)",
				);
				GCC_WARN_64_TO_32_BIT_CONVERSION = YES;
				GCC_WARN_ABOUT_RETURN_TYPE = YES_ERROR;
				GCC_WARN_UNDECLARED_SELECTOR = YES;
				GCC_WARN_UNINITIALIZED_AUTOS = YES_AGGRESSIVE;
				GCC_WARN_UNUSED_FUNCTION = YES;
				GCC_WARN_UNUSED_VARIABLE = YES;
				MTL_ENABLE_DEBUG_INFO = INCLUDE_SOURCE;
				MTL_FAST_MATH = YES;
				ONLY_ACTIVE_ARCH = YES;
				SWIFT_ACTIVE_COMPILATION_CONDITIONS = DEBUG;
				SWIFT_OPTIMIZATION_LEVEL = "-Onone";
			};
			name = Debug;
		};
		F0C65F902A13EBEF00D079DA /* Release */ = {
			isa = XCBuildConfiguration;
			buildSettings = {
				ALWAYS_SEARCH_USER_PATHS = NO;
				CLANG_ANALYZER_NONNULL = YES;
				CLANG_ANALYZER_NUMBER_OBJECT_CONVERSION = YES_AGGRESSIVE;
				CLANG_CXX_LANGUAGE_STANDARD = "gnu++20";
				CLANG_ENABLE_MODULES = YES;
				CLANG_ENABLE_OBJC_ARC = YES;
				CLANG_ENABLE_OBJC_WEAK = YES;
				CLANG_WARN_BLOCK_CAPTURE_AUTORELEASING = YES;
				CLANG_WARN_BOOL_CONVERSION = YES;
				CLANG_WARN_COMMA = YES;
				CLANG_WARN_CONSTANT_CONVERSION = YES;
				CLANG_WARN_DEPRECATED_OBJC_IMPLEMENTATIONS = YES;
				CLANG_WARN_DIRECT_OBJC_ISA_USAGE = YES_ERROR;
				CLANG_WARN_DOCUMENTATION_COMMENTS = YES;
				CLANG_WARN_EMPTY_BODY = YES;
				CLANG_WARN_ENUM_CONVERSION = YES;
				CLANG_WARN_INFINITE_RECURSION = YES;
				CLANG_WARN_INT_CONVERSION = YES;
				CLANG_WARN_NON_LITERAL_NULL_CONVERSION = YES;
				CLANG_WARN_OBJC_IMPLICIT_RETAIN_SELF = YES;
				CLANG_WARN_OBJC_LITERAL_CONVERSION = YES;
				CLANG_WARN_OBJC_ROOT_CLASS = YES_ERROR;
				CLANG_WARN_QUOTED_INCLUDE_IN_FRAMEWORK_HEADER = YES;
				CLANG_WARN_RANGE_LOOP_ANALYSIS = YES;
				CLANG_WARN_STRICT_PROTOTYPES = YES;
				CLANG_WARN_SUSPICIOUS_MOVE = YES;
				CLANG_WARN_UNGUARDED_AVAILABILITY = YES_AGGRESSIVE;
				CLANG_WARN_UNREACHABLE_CODE = YES;
				CLANG_WARN__DUPLICATE_METHOD_MATCH = YES;
				COPY_PHASE_STRIP = NO;
				DEBUG_INFORMATION_FORMAT = "dwarf-with-dsym";
				ENABLE_NS_ASSERTIONS = NO;
				ENABLE_STRICT_OBJC_MSGSEND = YES;
				GCC_C_LANGUAGE_STANDARD = gnu11;
				GCC_NO_COMMON_BLOCKS = YES;
				GCC_WARN_64_TO_32_BIT_CONVERSION = YES;
				GCC_WARN_ABOUT_RETURN_TYPE = YES_ERROR;
				GCC_WARN_UNDECLARED_SELECTOR = YES;
				GCC_WARN_UNINITIALIZED_AUTOS = YES_AGGRESSIVE;
				GCC_WARN_UNUSED_FUNCTION = YES;
				GCC_WARN_UNUSED_VARIABLE = YES;
				MTL_ENABLE_DEBUG_INFO = NO;
				MTL_FAST_MATH = YES;
				SWIFT_COMPILATION_MODE = wholemodule;
				SWIFT_OPTIMIZATION_LEVEL = "-O";
			};
			name = Release;
		};
		F0C65F922A13EBEF00D079DA /* Debug */ = {
			isa = XCBuildConfiguration;
			buildSettings = {
				ASSETCATALOG_COMPILER_APPICON_NAME = AppIcon;
				ASSETCATALOG_COMPILER_GLOBAL_ACCENT_COLOR_NAME = AccentColor;
				CODE_SIGN_ENTITLEMENTS = "Meli Test/Meli_Test.entitlements";
				CODE_SIGN_STYLE = Automatic;
				CURRENT_PROJECT_VERSION = 1;
				DEVELOPMENT_ASSET_PATHS = "\"Meli Test/Preview Content\"";
				ENABLE_PREVIEWS = YES;
				GENERATE_INFOPLIST_FILE = YES;
				"INFOPLIST_KEY_UIApplicationSceneManifest_Generation[sdk=iphoneos*]" = YES;
				"INFOPLIST_KEY_UIApplicationSceneManifest_Generation[sdk=iphonesimulator*]" = YES;
				"INFOPLIST_KEY_UIApplicationSupportsIndirectInputEvents[sdk=iphoneos*]" = YES;
				"INFOPLIST_KEY_UIApplicationSupportsIndirectInputEvents[sdk=iphonesimulator*]" = YES;
				"INFOPLIST_KEY_UILaunchScreen_Generation[sdk=iphoneos*]" = YES;
				"INFOPLIST_KEY_UILaunchScreen_Generation[sdk=iphonesimulator*]" = YES;
				"INFOPLIST_KEY_UIStatusBarStyle[sdk=iphoneos*]" = UIStatusBarStyleDefault;
				"INFOPLIST_KEY_UIStatusBarStyle[sdk=iphonesimulator*]" = UIStatusBarStyleDefault;
				INFOPLIST_KEY_UISupportedInterfaceOrientations_iPad = "UIInterfaceOrientationPortrait UIInterfaceOrientationPortraitUpsideDown UIInterfaceOrientationLandscapeLeft UIInterfaceOrientationLandscapeRight";
				INFOPLIST_KEY_UISupportedInterfaceOrientations_iPhone = "UIInterfaceOrientationPortrait UIInterfaceOrientationLandscapeLeft UIInterfaceOrientationLandscapeRight";
				IPHONEOS_DEPLOYMENT_TARGET = 16.4;
				LD_RUNPATH_SEARCH_PATHS = "@executable_path/Frameworks";
				"LD_RUNPATH_SEARCH_PATHS[sdk=macosx*]" = "@executable_path/../Frameworks";
				MACOSX_DEPLOYMENT_TARGET = 13.0;
				MARKETING_VERSION = 1.0;
				PRODUCT_BUNDLE_IDENTIFIER = "com.mivalme.Meli-Test";
				PRODUCT_NAME = "$(TARGET_NAME)";
				SDKROOT = auto;
				SUPPORTED_PLATFORMS = "iphoneos iphonesimulator macosx";
				SWIFT_EMIT_LOC_STRINGS = YES;
				SWIFT_VERSION = 5.0;
				TARGETED_DEVICE_FAMILY = "1,2";
			};
			name = Debug;
		};
		F0C65F932A13EBEF00D079DA /* Release */ = {
			isa = XCBuildConfiguration;
			buildSettings = {
				ASSETCATALOG_COMPILER_APPICON_NAME = AppIcon;
				ASSETCATALOG_COMPILER_GLOBAL_ACCENT_COLOR_NAME = AccentColor;
				CODE_SIGN_ENTITLEMENTS = "Meli Test/Meli_Test.entitlements";
				CODE_SIGN_STYLE = Automatic;
				CURRENT_PROJECT_VERSION = 1;
				DEVELOPMENT_ASSET_PATHS = "\"Meli Test/Preview Content\"";
				ENABLE_PREVIEWS = YES;
				GENERATE_INFOPLIST_FILE = YES;
				"INFOPLIST_KEY_UIApplicationSceneManifest_Generation[sdk=iphoneos*]" = YES;
				"INFOPLIST_KEY_UIApplicationSceneManifest_Generation[sdk=iphonesimulator*]" = YES;
				"INFOPLIST_KEY_UIApplicationSupportsIndirectInputEvents[sdk=iphoneos*]" = YES;
				"INFOPLIST_KEY_UIApplicationSupportsIndirectInputEvents[sdk=iphonesimulator*]" = YES;
				"INFOPLIST_KEY_UILaunchScreen_Generation[sdk=iphoneos*]" = YES;
				"INFOPLIST_KEY_UILaunchScreen_Generation[sdk=iphonesimulator*]" = YES;
				"INFOPLIST_KEY_UIStatusBarStyle[sdk=iphoneos*]" = UIStatusBarStyleDefault;
				"INFOPLIST_KEY_UIStatusBarStyle[sdk=iphonesimulator*]" = UIStatusBarStyleDefault;
				INFOPLIST_KEY_UISupportedInterfaceOrientations_iPad = "UIInterfaceOrientationPortrait UIInterfaceOrientationPortraitUpsideDown UIInterfaceOrientationLandscapeLeft UIInterfaceOrientationLandscapeRight";
				INFOPLIST_KEY_UISupportedInterfaceOrientations_iPhone = "UIInterfaceOrientationPortrait UIInterfaceOrientationLandscapeLeft UIInterfaceOrientationLandscapeRight";
				IPHONEOS_DEPLOYMENT_TARGET = 16.4;
				LD_RUNPATH_SEARCH_PATHS = "@executable_path/Frameworks";
				"LD_RUNPATH_SEARCH_PATHS[sdk=macosx*]" = "@executable_path/../Frameworks";
				MACOSX_DEPLOYMENT_TARGET = 13.0;
				MARKETING_VERSION = 1.0;
				PRODUCT_BUNDLE_IDENTIFIER = "com.mivalme.Meli-Test";
				PRODUCT_NAME = "$(TARGET_NAME)";
				SDKROOT = auto;
				SUPPORTED_PLATFORMS = "iphoneos iphonesimulator macosx";
				SWIFT_EMIT_LOC_STRINGS = YES;
				SWIFT_VERSION = 5.0;
				TARGETED_DEVICE_FAMILY = "1,2";
			};
			name = Release;
		};
		F0C65F952A13EBEF00D079DA /* Debug */ = {
			isa = XCBuildConfiguration;
			buildSettings = {
				ALWAYS_EMBED_SWIFT_STANDARD_LIBRARIES = YES;
				BUNDLE_LOADER = "$(TEST_HOST)";
				CODE_SIGN_STYLE = Automatic;
				CURRENT_PROJECT_VERSION = 1;
				GENERATE_INFOPLIST_FILE = YES;
				IPHONEOS_DEPLOYMENT_TARGET = 16.4;
				MACOSX_DEPLOYMENT_TARGET = 13.0;
				MARKETING_VERSION = 1.0;
				PRODUCT_BUNDLE_IDENTIFIER = "com.mivalme.Meli-TestTests";
				PRODUCT_NAME = "$(TARGET_NAME)";
				SDKROOT = auto;
				SUPPORTED_PLATFORMS = "iphoneos iphonesimulator macosx";
				SWIFT_EMIT_LOC_STRINGS = NO;
				SWIFT_VERSION = 5.0;
				TARGETED_DEVICE_FAMILY = "1,2";
				TEST_HOST = "$(BUILT_PRODUCTS_DIR)/Meli Test.app/$(BUNDLE_EXECUTABLE_FOLDER_PATH)/Meli Test";
			};
			name = Debug;
		};
		F0C65F962A13EBEF00D079DA /* Release */ = {
			isa = XCBuildConfiguration;
			buildSettings = {
				ALWAYS_EMBED_SWIFT_STANDARD_LIBRARIES = YES;
				BUNDLE_LOADER = "$(TEST_HOST)";
				CODE_SIGN_STYLE = Automatic;
				CURRENT_PROJECT_VERSION = 1;
				GENERATE_INFOPLIST_FILE = YES;
				IPHONEOS_DEPLOYMENT_TARGET = 16.4;
				MACOSX_DEPLOYMENT_TARGET = 13.0;
				MARKETING_VERSION = 1.0;
				PRODUCT_BUNDLE_IDENTIFIER = "com.mivalme.Meli-TestTests";
				PRODUCT_NAME = "$(TARGET_NAME)";
				SDKROOT = auto;
				SUPPORTED_PLATFORMS = "iphoneos iphonesimulator macosx";
				SWIFT_EMIT_LOC_STRINGS = NO;
				SWIFT_VERSION = 5.0;
				TARGETED_DEVICE_FAMILY = "1,2";
				TEST_HOST = "$(BUILT_PRODUCTS_DIR)/Meli Test.app/$(BUNDLE_EXECUTABLE_FOLDER_PATH)/Meli Test";
			};
			name = Release;
		};
		F0C65F982A13EBEF00D079DA /* Debug */ = {
			isa = XCBuildConfiguration;
			buildSettings = {
				ALWAYS_EMBED_SWIFT_STANDARD_LIBRARIES = YES;
				CODE_SIGN_STYLE = Automatic;
				CURRENT_PROJECT_VERSION = 1;
				GENERATE_INFOPLIST_FILE = YES;
				IPHONEOS_DEPLOYMENT_TARGET = 16.4;
				MACOSX_DEPLOYMENT_TARGET = 13.0;
				MARKETING_VERSION = 1.0;
				PRODUCT_BUNDLE_IDENTIFIER = "com.mivalme.Meli-TestUITests";
				PRODUCT_NAME = "$(TARGET_NAME)";
				SDKROOT = auto;
				SUPPORTED_PLATFORMS = "iphoneos iphonesimulator macosx";
				SWIFT_EMIT_LOC_STRINGS = NO;
				SWIFT_VERSION = 5.0;
				TARGETED_DEVICE_FAMILY = "1,2";
				TEST_TARGET_NAME = "Meli Test";
			};
			name = Debug;
		};
		F0C65F992A13EBEF00D079DA /* Release */ = {
			isa = XCBuildConfiguration;
			buildSettings = {
				ALWAYS_EMBED_SWIFT_STANDARD_LIBRARIES = YES;
				CODE_SIGN_STYLE = Automatic;
				CURRENT_PROJECT_VERSION = 1;
				GENERATE_INFOPLIST_FILE = YES;
				IPHONEOS_DEPLOYMENT_TARGET = 16.4;
				MACOSX_DEPLOYMENT_TARGET = 13.0;
				MARKETING_VERSION = 1.0;
				PRODUCT_BUNDLE_IDENTIFIER = "com.mivalme.Meli-TestUITests";
				PRODUCT_NAME = "$(TARGET_NAME)";
				SDKROOT = auto;
				SUPPORTED_PLATFORMS = "iphoneos iphonesimulator macosx";
				SWIFT_EMIT_LOC_STRINGS = NO;
				SWIFT_VERSION = 5.0;
				TARGETED_DEVICE_FAMILY = "1,2";
				TEST_TARGET_NAME = "Meli Test";
			};
			name = Release;
		};
/* End XCBuildConfiguration section */

/* Begin XCConfigurationList section */
		F0C65F672A13EBEE00D079DA /* Build configuration list for PBXProject "Meli Test" */ = {
			isa = XCConfigurationList;
			buildConfigurations = (
				F0C65F8F2A13EBEF00D079DA /* Debug */,
				F0C65F902A13EBEF00D079DA /* Release */,
			);
			defaultConfigurationIsVisible = 0;
			defaultConfigurationName = Release;
		};
		F0C65F912A13EBEF00D079DA /* Build configuration list for PBXNativeTarget "Meli Test" */ = {
			isa = XCConfigurationList;
			buildConfigurations = (
				F0C65F922A13EBEF00D079DA /* Debug */,
				F0C65F932A13EBEF00D079DA /* Release */,
			);
			defaultConfigurationIsVisible = 0;
			defaultConfigurationName = Release;
		};
		F0C65F942A13EBEF00D079DA /* Build configuration list for PBXNativeTarget "Meli TestTests" */ = {
			isa = XCConfigurationList;
			buildConfigurations = (
				F0C65F952A13EBEF00D079DA /* Debug */,
				F0C65F962A13EBEF00D079DA /* Release */,
			);
			defaultConfigurationIsVisible = 0;
			defaultConfigurationName = Release;
		};
		F0C65F972A13EBEF00D079DA /* Build configuration list for PBXNativeTarget "Meli TestUITests" */ = {
			isa = XCConfigurationList;
			buildConfigurations = (
				F0C65F982A13EBEF00D079DA /* Debug */,
				F0C65F992A13EBEF00D079DA /* Release */,
			);
			defaultConfigurationIsVisible = 0;
			defaultConfigurationName = Release;
		};
/* End XCConfigurationList section */

/* Begin XCRemoteSwiftPackageReference section */
		F02830902A151B8A0056A2D3 /* XCRemoteSwiftPackageReference "Alamofire" */ = {
			isa = XCRemoteSwiftPackageReference;
			repositoryURL = "https://github.com/Alamofire/Alamofire";
			requirement = {
				kind = upToNextMajorVersion;
				minimumVersion = 5.0.0;
			};
		};
/* End XCRemoteSwiftPackageReference section */

/* Begin XCSwiftPackageProductDependency section */
		F02830912A151B8A0056A2D3 /* Alamofire */ = {
			isa = XCSwiftPackageProductDependency;
			package = F02830902A151B8A0056A2D3 /* XCRemoteSwiftPackageReference "Alamofire" */;
			productName = Alamofire;
		};
/* End XCSwiftPackageProductDependency section */
	};
	rootObject = F0C65F642A13EBEE00D079DA /* Project object */;
}
