// !$*UTF8*$!
{
	archiveVersion = 1;
	classes = {
	};
	objectVersion = 56;
	objects = {

/* Begin PBXBuildFile section */
		F0C65F702A13EBEE00D079DA /* Meli_TestApp.swift in Sources */ = {isa = PBXBuildFile; fileRef = F0C65F6F2A13EBEE00D079DA /* Meli_TestApp.swift */; };
		F0C65F722A13EBEE00D079DA /* ContentView.swift in Sources */ = {isa = PBXBuildFile; fileRef = F0C65F712A13EBEE00D079DA /* ContentView.swift */; };
		F0C65F742A13EBEF00D079DA /* Assets.xcassets in Resources */ = {isa = PBXBuildFile; fileRef = F0C65F732A13EBEF00D079DA /* Assets.xcassets */; };
		F0C65F782A13EBEF00D079DA /* Preview Assets.xcassets in Resources */ = {isa = PBXBuildFile; fileRef = F0C65F772A13EBEF00D079DA /* Preview Assets.xcassets */; };
		F0C65F822A13EBEF00D079DA /* Meli_TestTests.swift in Sources */ = {isa = PBXBuildFile; fileRef = F0C65F812A13EBEF00D079DA /* Meli_TestTests.swift */; };
		F0C65F8C2A13EBEF00D079DA /* Meli_TestUITests.swift in Sources */ = {isa = PBXBuildFile; fileRef = F0C65F8B2A13EBEF00D079DA /* Meli_TestUITests.swift */; };
		F0C65F8E2A13EBEF00D079DA /* Meli_TestUITestsLaunchTests.swift in Sources */ = {isa = PBXBuildFile; fileRef = F0C65F8D2A13EBEF00D079DA /* Meli_TestUITestsLaunchTests.swift */; };
/* End PBXBuildFile section */

/* Begin PBXContainerItemProxy section */
		F0C65F7E2A13EBEF00D079DA /* PBXContainerItemProxy */ = {
			isa = PBXContainerItemProxy;
			containerPortal = F0C65F642A13EBEE00D079DA /* Project object */;
			proxyType = 1;
			remoteGlobalIDString = F0C65F6B2A13EBEE00D079DA;
			remoteInfo = "Meli Test";
		};
		F0C65F882A13EBEF00D079DA /* PBXContainerItemProxy */ = {
			isa = PBXContainerItemProxy;
			containerPortal = F0C65F642A13EBEE00D079DA /* Project object */;
			proxyType = 1;
			remoteGlobalIDString = F0C65F6B2A13EBEE00D079DA;
			remoteInfo = "Meli Test";
		};
/* End PBXContainerItemProxy section */

/* Begin PBXFileReference section */
		F0C65F6C2A13EBEE00D079DA /* Meli Test.app */ = {isa = PBXFileReference; explicitFileType = wrapper.application; includeInIndex = 0; path = "Meli Test.app"; sourceTree = BUILT_PRODUCTS_DIR; };
		F0C65F6F2A13EBEE00D079DA /* Meli_TestApp.swift */ = {isa = PBXFileReference; lastKnownFileType = sourcecode.swift; path = Meli_TestApp.swift; sourceTree = "<group>"; };
		F0C65F712A13EBEE00D079DA /* ContentView.swift */ = {isa = PBXFileReference; lastKnownFileType = sourcecode.swift; path = ContentView.swift; sourceTree = "<group>"; };
		F0C65F732A13EBEF00D079DA /* Assets.xcassets */ = {isa = PBXFileReference; lastKnownFileType = folder.assetcatalog; path = Assets.xcassets; sourceTree = "<group>"; };
		F0C65F752A13EBEF00D079DA /* Meli_Test.entitlements */ = {isa = PBXFileReference; lastKnownFileType = text.plist.entitlements; path = Meli_Test.entitlements; sourceTree = "<group>"; };
		F0C65F772A13EBEF00D079DA /* Preview Assets.xcassets */ = {isa = PBXFileReference; lastKnownFileType = folder.assetcatalog; path = "Preview Assets.xcassets"; sourceTree = "<group>"; };
		F0C65F7D2A13EBEF00D079DA /* Meli TestTests.xctest */ = {isa = PBXFileReference; explicitFileType = wrapper.cfbundle; includeInIndex = 0; path = "Meli TestTests.xctest"; sourceTree = BUILT_PRODUCTS_DIR; };
		F0C65F812A13EBEF00D079DA /* Meli_TestTests.swift */ = {isa = PBXFileReference; lastKnownFileType = sourcecode.swift; path = Meli_TestTests.swift; sourceTree = "<group>"; };
		F0C65F872A13EBEF00D079DA /* Meli TestUITests.xctest */ = {isa = PBXFileReference; explicitFileType = wrapper.cfbundle; includeInIndex = 0; path = "Meli TestUITests.xctest"; sourceTree = BUILT_PRODUCTS_DIR; };
		F0C65F8B2A13EBEF00D079DA /* Meli_TestUITests.swift */ = {isa = PBXFileReference; lastKnownFileType = sourcecode.swift; path = Meli_TestUITests.swift; sourceTree = "<group>"; };
		F0C65F8D2A13EBEF00D079DA /* Meli_TestUITestsLaunchTests.swift */ = {isa = PBXFileReference; lastKnownFileType = sourcecode.swift; path = Meli_TestUITestsLaunchTests.swift; sourceTree = "<group>"; };
/* End PBXFileReference section */

/* Begin PBXFrameworksBuildPhase section */
		F0C65F692A13EBEE00D079DA /* Frameworks */ = {
			isa = PBXFrameworksBuildPhase;
			buildActionMask = 2147483647;
			files = (
			);
			runOnlyForDeploymentPostprocessing = 0;
		};
		F0C65F7A2A13EBEF00D079DA /* Frameworks */ = {
			isa = PBXFrameworksBuildPhase;
			buildActionMask = 2147483647;
			files = (
			);
			runOnlyForDeploymentPostprocessing = 0;
		};
		F0C65F842A13EBEF00D079DA /* Frameworks */ = {
			isa = PBXFrameworksBuildPhase;
			buildActionMask = 2147483647;
			files = (
			);
			runOnlyForDeploymentPostprocessing = 0;
		};
/* End PBXFrameworksBuildPhase section */

/* Begin PBXGroup section */
		F0C65F632A13EBEE00D079DA = {
			isa = PBXGroup;
			children = (
				F0C65F6E2A13EBEE00D079DA /* Meli Test */,
				F0C65F802A13EBEF00D079DA /* Meli TestTests */,
				F0C65F8A2A13EBEF00D079DA /* Meli TestUITests */,
				F0C65F6D2A13EBEE00D079DA /* Products */,
			);
			sourceTree = "<group>";
		};
		F0C65F6D2A13EBEE00D079DA /* Products */ = {
			isa = PBXGroup;
			children = (
				F0C65F6C2A13EBEE00D079DA /* Meli Test.app */,
				F0C65F7D2A13EBEF00D079DA /* Meli TestTests.xctest */,
				F0C65F872A13EBEF00D079DA /* Meli TestUITests.xctest */,
			);
			name = Products;
			sourceTree = "<group>";
		};
		F0C65F6E2A13EBEE00D079DA /* Meli Test */ = {
			isa = PBXGroup;
			children = (
				F0C65F6F2A13EBEE00D079DA /* Meli_TestApp.swift */,
				F0C65F712A13EBEE00D079DA /* ContentView.swift */,
				F0C65F732A13EBEF00D079DA /* Assets.xcassets */,
				F0C65F752A13EBEF00D079DA /* Meli_Test.entitlements */,
				F0C65F762A13EBEF00D079DA /* Preview Content */,
			);
			path = "Meli Test";
			sourceTree = "<group>";
		};
		F0C65F762A13EBEF00D079DA /* Preview Content */ = {
			isa = PBXGroup;
			children = (
				F0C65F772A13EBEF00D079DA /* Preview Assets.xcassets */,
			);
			path = "Preview Content";
			sourceTree = "<group>";
		};
		F0C65F802A13EBEF00D079DA /* Meli TestTests */ = {
			isa = PBXGroup;
			children = (
				F0C65F812A13EBEF00D079DA /* Meli_TestTests.swift */,
			);
			path = "Meli TestTests";
			sourceTree = "<group>";
		};
		F0C65F8A2A13EBEF00D079DA /* Meli TestUITests */ = {
			isa = PBXGroup;
			children = (
				F0C65F8B2A13EBEF00D079DA /* Meli_TestUITests.swift */,
				F0C65F8D2A13EBEF00D079DA /* Meli_TestUITestsLaunchTests.swift */,
			);
			path = "Meli TestUITests";
			sourceTree = "<group>";
		};
/* End PBXGroup section */

/* Begin PBXNativeTarget section */
		F0C65F6B2A13EBEE00D079DA /* Meli Test */ = {
			isa = PBXNativeTarget;
			buildConfigurationList = F0C65F912A13EBEF00D079DA /* Build configuration list for PBXNativeTarget "Meli Test" */;
			buildPhases = (
				F0C65F682A13EBEE00D079DA /* Sources */,
				F0C65F692A13EBEE00D079DA /* Frameworks */,
				F0C65F6A2A13EBEE00D079DA /* Resources */,
			);
			buildRules = (
			);
			dependencies = (
			);
			name = "Meli Test";
			productName = "Meli Test";
			productReference = F0C65F6C2A13EBEE00D079DA /* Meli Test.app */;
			productType = "com.apple.product-type.application";
		};
		F0C65F7C2A13EBEF00D079DA /* Meli TestTests */ = {
			isa = PBXNativeTarget;
			buildConfigurationList = F0C65F942A13EBEF00D079DA /* Build configuration list for PBXNativeTarget "Meli TestTests" */;
			buildPhases = (
				F0C65F792A13EBEF00D079DA /* Sources */,
				F0C65F7A2A13EBEF00D079DA /* Frameworks */,
				F0C65F7B2A13EBEF00D079DA /* Resources */,
			);
			buildRules = (
			);
			dependencies = (
				F0C65F7F2A13EBEF00D079DA /* PBXTargetDependency */,
			);
			name = "Meli TestTests";
			productName = "Meli TestTests";
			productReference = F0C65F7D2A13EBEF00D079DA /* Meli TestTests.xctest */;
			productType = "com.apple.product-type.bundle.unit-test";
		};
		F0C65F862A13EBEF00D079DA /* Meli TestUITests */ = {
			isa = PBXNativeTarget;
			buildConfigurationList = F0C65F972A13EBEF00D079DA /* Build configuration list for PBXNativeTarget "Meli TestUITests" */;
			buildPhases = (
				F0C65F832A13EBEF00D079DA /* Sources */,
				F0C65F842A13EBEF00D079DA /* Frameworks */,
				F0C65F852A13EBEF00D079DA /* Resources */,
			);
			buildRules = (
			);
			dependencies = (
				F0C65F892A13EBEF00D079DA /* PBXTargetDependency */,
			);
			name = "Meli TestUITests";
			productName = "Meli TestUITests";
			productReference = F0C65F872A13EBEF00D079DA /* Meli TestUITests.xctest */;
			productType = "com.apple.product-type.bundle.ui-testing";
		};
/* End PBXNativeTarget section */

/* Begin PBXProject section */
		F0C65F642A13EBEE00D079DA /* Project object */ = {
			isa = PBXProject;
			attributes = {
				BuildIndependentTargetsInParallel = 1;
				LastSwiftUpdateCheck = 1430;
				LastUpgradeCheck = 1430;
				TargetAttributes = {
					F0C65F6B2A13EBEE00D079DA = {
						CreatedOnToolsVersion = 14.3;
					};
					F0C65F7C2A13EBEF00D079DA = {
						CreatedOnToolsVersion = 14.3;
						TestTargetID = F0C65F6B2A13EBEE00D079DA;
					};
					F0C65F862A13EBEF00D079DA = {
						CreatedOnToolsVersion = 14.3;
						TestTargetID = F0C65F6B2A13EBEE00D079DA;
					};
				};
			};
			buildConfigurationList = F0C65F672A13EBEE00D079DA /* Build configuration list for PBXProject "Meli Test" */;
			compatibilityVersion = "Xcode 14.0";
			developmentRegion = en;
			hasScannedForEncodings = 0;
			knownRegions = (
				en,
				Base,
			);
			mainGroup = F0C65F632A13EBEE00D079DA;
			productRefGroup = F0C65F6D2A13EBEE00D079DA /* Products */;
			projectDirPath = "";
			projectRoot = "";
			targets = (
				F0C65F6B2A13EBEE00D079DA /* Meli Test */,
				F0C65F7C2A13EBEF00D079DA /* Meli TestTests */,
				F0C65F862A13EBEF00D079DA /* Meli TestUITests */,
			);
		};
/* End PBXProject section */

/* Begin PBXResourcesBuildPhase section */
		F0C65F6A2A13EBEE00D079DA /* Resources */ = {
			isa = PBXResourcesBuildPhase;
			buildActionMask = 2147483647;
			files = (
				F0C65F782A13EBEF00D079DA /* Preview Assets.xcassets in Resources */,
				F0C65F742A13EBEF00D079DA /* Assets.xcassets in Resources */,
			);
			runOnlyForDeploymentPostprocessing = 0;
		};
		F0C65F7B2A13EBEF00D079DA /* Resources */ = {
			isa = PBXResourcesBuildPhase;
			buildActionMask = 2147483647;
			files = (
			);
			runOnlyForDeploymentPostprocessing = 0;
		};
		F0C65F852A13EBEF00D079DA /* Resources */ = {
			isa = PBXResourcesBuildPhase;
			buildActionMask = 2147483647;
			files = (
			);
			runOnlyForDeploymentPostprocessing = 0;
		};
/* End PBXResourcesBuildPhase section */

/* Begin PBXSourcesBuildPhase section */
		F0C65F682A13EBEE00D079DA /* Sources */ = {
			isa = PBXSourcesBuildPhase;
			buildActionMask = 2147483647;
			files = (
				F0C65F722A13EBEE00D079DA /* ContentView.swift in Sources */,
				F0C65F702A13EBEE00D079DA /* Meli_TestApp.swift in Sources */,
			);
			runOnlyForDeploymentPostprocessing = 0;
		};
		F0C65F792A13EBEF00D079DA /* Sources */ = {
			isa = PBXSourcesBuildPhase;
			buildActionMask = 2147483647;
			files = (
				F0C65F822A13EBEF00D079DA /* Meli_TestTests.swift in Sources */,
			);
			runOnlyForDeploymentPostprocessing = 0;
		};
		F0C65F832A13EBEF00D079DA /* Sources */ = {
			isa = PBXSourcesBuildPhase;
			buildActionMask = 2147483647;
			files = (
				F0C65F8C2A13EBEF00D079DA /* Meli_TestUITests.swift in Sources */,
				F0C65F8E2A13EBEF00D079DA /* Meli_TestUITestsLaunchTests.swift in Sources */,
			);
			runOnlyForDeploymentPostprocessing = 0;
		};
/* End PBXSourcesBuildPhase section */

/* Begin PBXTargetDependency section */
		F0C65F7F2A13EBEF00D079DA /* PBXTargetDependency */ = {
			isa = PBXTargetDependency;
			target = F0C65F6B2A13EBEE00D079DA /* Meli Test */;
			targetProxy = F0C65F7E2A13EBEF00D079DA /* PBXContainerItemProxy */;
		};
		F0C65F892A13EBEF00D079DA /* PBXTargetDependency */ = {
			isa = PBXTargetDependency;
			target = F0C65F6B2A13EBEE00D079DA /* Meli Test */;
			targetProxy = F0C65F882A13EBEF00D079DA /* PBXContainerItemProxy */;
		};
/* End PBXTargetDependency section */

/* Begin XCBuildConfiguration section */
		F0C65F8F2A13EBEF00D079DA /* Debug */ = {
			isa = XCBuildConfiguration;
			buildSettings = {
				ALWAYS_SEARCH_USER_PATHS = NO;
				CLANG_ANALYZER_NONNULL = YES;
				CLANG_ANALYZER_NUMBER_OBJECT_CONVERSION = YES_AGGRESSIVE;
				CLANG_CXX_LANGUAGE_STANDARD = "gnu++20";
				CLANG_ENABLE_MODULES = YES;
				CLANG_ENABLE_OBJC_ARC = YES;
				CLANG_ENABLE_OBJC_WEAK = YES;
				CLANG_WARN_BLOCK_CAPTURE_AUTORELEASING = YES;
				CLANG_WARN_BOOL_CONVERSION = YES;
				CLANG_WARN_COMMA = YES;
				CLANG_WARN_CONSTANT_CONVERSION = YES;
				CLANG_WARN_DEPRECATED_OBJC_IMPLEMENTATIONS = YES;
				CLANG_WARN_DIRECT_OBJC_ISA_USAGE = YES_ERROR;
				CLANG_WARN_DOCUMENTATION_COMMENTS = YES;
				CLANG_WARN_EMPTY_BODY = YES;
				CLANG_WARN_ENUM_CONVERSION = YES;
				CLANG_WARN_INFINITE_RECURSION = YES;
				CLANG_WARN_INT_CONVERSION = YES;
				CLANG_WARN_NON_LITERAL_NULL_CONVERSION = YES;
				CLANG_WARN_OBJC_IMPLICIT_RETAIN_SELF = YES;
				CLANG_WARN_OBJC_LITERAL_CONVERSION = YES;
				CLANG_WARN_OBJC_ROOT_CLASS = YES_ERROR;
				CLANG_WARN_QUOTED_INCLUDE_IN_FRAMEWORK_HEADER = YES;
				CLANG_WARN_RANGE_LOOP_ANALYSIS = YES;
				CLANG_WARN_STRICT_PROTOTYPES = YES;
				CLANG_WARN_SUSPICIOUS_MOVE = YES;
				CLANG_WARN_UNGUARDED_AVAILABILITY = YES_AGGRESSIVE;
				CLANG_WARN_UNREACHABLE_CODE = YES;
				CLANG_WARN__DUPLICATE_METHOD_MATCH = YES;
				COPY_PHASE_STRIP = NO;
				DEBUG_INFORMATION_FORMAT = dwarf;
				ENABLE_STRICT_OBJC_MSGSEND = YES;
				ENABLE_TESTABILITY = YES;
				GCC_C_LANGUAGE_STANDARD = gnu11;
				GCC_DYNAMIC_NO_PIC = NO;
				GCC_NO_COMMON_BLOCKS = YES;
				GCC_OPTIMIZATION_LEVEL = 0;
				GCC_PREPROCESSOR_DEFINITIONS = (
					"DEBUG=1",
					"$(inherited)",
				);
				GCC_WARN_64_TO_32_BIT_CONVERSION = YES;
				GCC_WARN_ABOUT_RETURN_TYPE = YES_ERROR;
				GCC_WARN_UNDECLARED_SELECTOR = YES;
				GCC_WARN_UNINITIALIZED_AUTOS = YES_AGGRESSIVE;
				GCC_WARN_UNUSED_FUNCTION = YES;
				GCC_WARN_UNUSED_VARIABLE = YES;
				MTL_ENABLE_DEBUG_INFO = INCLUDE_SOURCE;
				MTL_FAST_MATH = YES;
				ONLY_ACTIVE_ARCH = YES;
				SWIFT_ACTIVE_COMPILATION_CONDITIONS = DEBUG;
				SWIFT_OPTIMIZATION_LEVEL = "-Onone";
			};
			name = Debug;
		};
		F0C65F902A13EBEF00D079DA /* Release */ = {
			isa = XCBuildConfiguration;
			buildSettings = {
				ALWAYS_SEARCH_USER_PATHS = NO;
				CLANG_ANALYZER_NONNULL = YES;
				CLANG_ANALYZER_NUMBER_OBJECT_CONVERSION = YES_AGGRESSIVE;
				CLANG_CXX_LANGUAGE_STANDARD = "gnu++20";
				CLANG_ENABLE_MODULES = YES;
				CLANG_ENABLE_OBJC_ARC = YES;
				CLANG_ENABLE_OBJC_WEAK = YES;
				CLANG_WARN_BLOCK_CAPTURE_AUTORELEASING = YES;
				CLANG_WARN_BOOL_CONVERSION = YES;
				CLANG_WARN_COMMA = YES;
				CLANG_WARN_CONSTANT_CONVERSION = YES;
				CLANG_WARN_DEPRECATED_OBJC_IMPLEMENTATIONS = YES;
				CLANG_WARN_DIRECT_OBJC_ISA_USAGE = YES_ERROR;
				CLANG_WARN_DOCUMENTATION_COMMENTS = YES;
				CLANG_WARN_EMPTY_BODY = YES;
				CLANG_WARN_ENUM_CONVERSION = YES;
				CLANG_WARN_INFINITE_RECURSION = YES;
				CLANG_WARN_INT_CONVERSION = YES;
				CLANG_WARN_NON_LITERAL_NULL_CONVERSION = YES;
				CLANG_WARN_OBJC_IMPLICIT_RETAIN_SELF = YES;
				CLANG_WARN_OBJC_LITERAL_CONVERSION = YES;
				CLANG_WARN_OBJC_ROOT_CLASS = YES_ERROR;
				CLANG_WARN_QUOTED_INCLUDE_IN_FRAMEWORK_HEADER = YES;
				CLANG_WARN_RANGE_LOOP_ANALYSIS = YES;
				CLANG_WARN_STRICT_PROTOTYPES = YES;
				CLANG_WARN_SUSPICIOUS_MOVE = YES;
				CLANG_WARN_UNGUARDED_AVAILABILITY = YES_AGGRESSIVE;
				CLANG_WARN_UNREACHABLE_CODE = YES;
				CLANG_WARN__DUPLICATE_METHOD_MATCH = YES;
				COPY_PHASE_STRIP = NO;
				DEBUG_INFORMATION_FORMAT = "dwarf-with-dsym";
				ENABLE_NS_ASSERTIONS = NO;
				ENABLE_STRICT_OBJC_MSGSEND = YES;
				GCC_C_LANGUAGE_STANDARD = gnu11;
				GCC_NO_COMMON_BLOCKS = YES;
				GCC_WARN_64_TO_32_BIT_CONVERSION = YES;
				GCC_WARN_ABOUT_RETURN_TYPE = YES_ERROR;
				GCC_WARN_UNDECLARED_SELECTOR = YES;
				GCC_WARN_UNINITIALIZED_AUTOS = YES_AGGRESSIVE;
				GCC_WARN_UNUSED_FUNCTION = YES;
				GCC_WARN_UNUSED_VARIABLE = YES;
				MTL_ENABLE_DEBUG_INFO = NO;
				MTL_FAST_MATH = YES;
				SWIFT_COMPILATION_MODE = wholemodule;
				SWIFT_OPTIMIZATION_LEVEL = "-O";
			};
			name = Release;
		};
		F0C65F922A13EBEF00D079DA /* Debug */ = {
			isa = XCBuildConfiguration;
			buildSettings = {
				ASSETCATALOG_COMPILER_APPICON_NAME = AppIcon;
				ASSETCATALOG_COMPILER_GLOBAL_ACCENT_COLOR_NAME = AccentColor;
				CODE_SIGN_ENTITLEMENTS = "Meli Test/Meli_Test.entitlements";
				CODE_SIGN_STYLE = Automatic;
				CURRENT_PROJECT_VERSION = 1;
				DEVELOPMENT_ASSET_PATHS = "\"Meli Test/Preview Content\"";
				ENABLE_PREVIEWS = YES;
				GENERATE_INFOPLIST_FILE = YES;
				"INFOPLIST_KEY_UIApplicationSceneManifest_Generation[sdk=iphoneos*]" = YES;
				"INFOPLIST_KEY_UIApplicationSceneManifest_Generation[sdk=iphonesimulator*]" = YES;
				"INFOPLIST_KEY_UIApplicationSupportsIndirectInputEvents[sdk=iphoneos*]" = YES;
				"INFOPLIST_KEY_UIApplicationSupportsIndirectInputEvents[sdk=iphonesimulator*]" = YES;
				"INFOPLIST_KEY_UILaunchScreen_Generation[sdk=iphoneos*]" = YES;
				"INFOPLIST_KEY_UILaunchScreen_Generation[sdk=iphonesimulator*]" = YES;
				"INFOPLIST_KEY_UIStatusBarStyle[sdk=iphoneos*]" = UIStatusBarStyleDefault;
				"INFOPLIST_KEY_UIStatusBarStyle[sdk=iphonesimulator*]" = UIStatusBarStyleDefault;
				INFOPLIST_KEY_UISupportedInterfaceOrientations_iPad = "UIInterfaceOrientationPortrait UIInterfaceOrientationPortraitUpsideDown UIInterfaceOrientationLandscapeLeft UIInterfaceOrientationLandscapeRight";
				INFOPLIST_KEY_UISupportedInterfaceOrientations_iPhone = "UIInterfaceOrientationPortrait UIInterfaceOrientationLandscapeLeft UIInterfaceOrientationLandscapeRight";
				IPHONEOS_DEPLOYMENT_TARGET = 16.4;
				LD_RUNPATH_SEARCH_PATHS = "@executable_path/Frameworks";
				"LD_RUNPATH_SEARCH_PATHS[sdk=macosx*]" = "@executable_path/../Frameworks";
				MACOSX_DEPLOYMENT_TARGET = 13.0;
				MARKETING_VERSION = 1.0;
				PRODUCT_BUNDLE_IDENTIFIER = "com.mivalme.Meli-Test";
				PRODUCT_NAME = "$(TARGET_NAME)";
				SDKROOT = auto;
				SUPPORTED_PLATFORMS = "iphoneos iphonesimulator macosx";
				SWIFT_EMIT_LOC_STRINGS = YES;
				SWIFT_VERSION = 5.0;
				TARGETED_DEVICE_FAMILY = "1,2";
			};
			name = Debug;
		};
		F0C65F932A13EBEF00D079DA /* Release */ = {
			isa = XCBuildConfiguration;
			buildSettings = {
				ASSETCATALOG_COMPILER_APPICON_NAME = AppIcon;
				ASSETCATALOG_COMPILER_GLOBAL_ACCENT_COLOR_NAME = AccentColor;
				CODE_SIGN_ENTITLEMENTS = "Meli Test/Meli_Test.entitlements";
				CODE_SIGN_STYLE = Automatic;
				CURRENT_PROJECT_VERSION = 1;
				DEVELOPMENT_ASSET_PATHS = "\"Meli Test/Preview Content\"";
				ENABLE_PREVIEWS = YES;
				GENERATE_INFOPLIST_FILE = YES;
				"INFOPLIST_KEY_UIApplicationSceneManifest_Generation[sdk=iphoneos*]" = YES;
				"INFOPLIST_KEY_UIApplicationSceneManifest_Generation[sdk=iphonesimulator*]" = YES;
				"INFOPLIST_KEY_UIApplicationSupportsIndirectInputEvents[sdk=iphoneos*]" = YES;
				"INFOPLIST_KEY_UIApplicationSupportsIndirectInputEvents[sdk=iphonesimulator*]" = YES;
				"INFOPLIST_KEY_UILaunchScreen_Generation[sdk=iphoneos*]" = YES;
				"INFOPLIST_KEY_UILaunchScreen_Generation[sdk=iphonesimulator*]" = YES;
				"INFOPLIST_KEY_UIStatusBarStyle[sdk=iphoneos*]" = UIStatusBarStyleDefault;
				"INFOPLIST_KEY_UIStatusBarStyle[sdk=iphonesimulator*]" = UIStatusBarStyleDefault;
				INFOPLIST_KEY_UISupportedInterfaceOrientations_iPad = "UIInterfaceOrientationPortrait UIInterfaceOrientationPortraitUpsideDown UIInterfaceOrientationLandscapeLeft UIInterfaceOrientationLandscapeRight";
				INFOPLIST_KEY_UISupportedInterfaceOrientations_iPhone = "UIInterfaceOrientationPortrait UIInterfaceOrientationLandscapeLeft UIInterfaceOrientationLandscapeRight";
				IPHONEOS_DEPLOYMENT_TARGET = 16.4;
				LD_RUNPATH_SEARCH_PATHS = "@executable_path/Frameworks";
				"LD_RUNPATH_SEARCH_PATHS[sdk=macosx*]" = "@executable_path/../Frameworks";
				MACOSX_DEPLOYMENT_TARGET = 13.0;
				MARKETING_VERSION = 1.0;
				PRODUCT_BUNDLE_IDENTIFIER = "com.mivalme.Meli-Test";
				PRODUCT_NAME = "$(TARGET_NAME)";
				SDKROOT = auto;
				SUPPORTED_PLATFORMS = "iphoneos iphonesimulator macosx";
				SWIFT_EMIT_LOC_STRINGS = YES;
				SWIFT_VERSION = 5.0;
				TARGETED_DEVICE_FAMILY = "1,2";
			};
			name = Release;
		};
		F0C65F952A13EBEF00D079DA /* Debug */ = {
			isa = XCBuildConfiguration;
			buildSettings = {
				ALWAYS_EMBED_SWIFT_STANDARD_LIBRARIES = YES;
				BUNDLE_LOADER = "$(TEST_HOST)";
				CODE_SIGN_STYLE = Automatic;
				CURRENT_PROJECT_VERSION = 1;
				GENERATE_INFOPLIST_FILE = YES;
				IPHONEOS_DEPLOYMENT_TARGET = 16.4;
				MACOSX_DEPLOYMENT_TARGET = 13.0;
				MARKETING_VERSION = 1.0;
				PRODUCT_BUNDLE_IDENTIFIER = "com.mivalme.Meli-TestTests";
				PRODUCT_NAME = "$(TARGET_NAME)";
				SDKROOT = auto;
				SUPPORTED_PLATFORMS = "iphoneos iphonesimulator macosx";
				SWIFT_EMIT_LOC_STRINGS = NO;
				SWIFT_VERSION = 5.0;
				TARGETED_DEVICE_FAMILY = "1,2";
				TEST_HOST = "$(BUILT_PRODUCTS_DIR)/Meli Test.app/$(BUNDLE_EXECUTABLE_FOLDER_PATH)/Meli Test";
			};
			name = Debug;
		};
		F0C65F962A13EBEF00D079DA /* Release */ = {
			isa = XCBuildConfiguration;
			buildSettings = {
				ALWAYS_EMBED_SWIFT_STANDARD_LIBRARIES = YES;
				BUNDLE_LOADER = "$(TEST_HOST)";
				CODE_SIGN_STYLE = Automatic;
				CURRENT_PROJECT_VERSION = 1;
				GENERATE_INFOPLIST_FILE = YES;
				IPHONEOS_DEPLOYMENT_TARGET = 16.4;
				MACOSX_DEPLOYMENT_TARGET = 13.0;
				MARKETING_VERSION = 1.0;
				PRODUCT_BUNDLE_IDENTIFIER = "com.mivalme.Meli-TestTests";
				PRODUCT_NAME = "$(TARGET_NAME)";
				SDKROOT = auto;
				SUPPORTED_PLATFORMS = "iphoneos iphonesimulator macosx";
				SWIFT_EMIT_LOC_STRINGS = NO;
				SWIFT_VERSION = 5.0;
				TARGETED_DEVICE_FAMILY = "1,2";
				TEST_HOST = "$(BUILT_PRODUCTS_DIR)/Meli Test.app/$(BUNDLE_EXECUTABLE_FOLDER_PATH)/Meli Test";
			};
			name = Release;
		};
		F0C65F982A13EBEF00D079DA /* Debug */ = {
			isa = XCBuildConfiguration;
			buildSettings = {
				ALWAYS_EMBED_SWIFT_STANDARD_LIBRARIES = YES;
				CODE_SIGN_STYLE = Automatic;
				CURRENT_PROJECT_VERSION = 1;
				GENERATE_INFOPLIST_FILE = YES;
				IPHONEOS_DEPLOYMENT_TARGET = 16.4;
				MACOSX_DEPLOYMENT_TARGET = 13.0;
				MARKETING_VERSION = 1.0;
				PRODUCT_BUNDLE_IDENTIFIER = "com.mivalme.Meli-TestUITests";
				PRODUCT_NAME = "$(TARGET_NAME)";
				SDKROOT = auto;
				SUPPORTED_PLATFORMS = "iphoneos iphonesimulator macosx";
				SWIFT_EMIT_LOC_STRINGS = NO;
				SWIFT_VERSION = 5.0;
				TARGETED_DEVICE_FAMILY = "1,2";
				TEST_TARGET_NAME = "Meli Test";
			};
			name = Debug;
		};
		F0C65F992A13EBEF00D079DA /* Release */ = {
			isa = XCBuildConfiguration;
			buildSettings = {
				ALWAYS_EMBED_SWIFT_STANDARD_LIBRARIES = YES;
				CODE_SIGN_STYLE = Automatic;
				CURRENT_PROJECT_VERSION = 1;
				GENERATE_INFOPLIST_FILE = YES;
				IPHONEOS_DEPLOYMENT_TARGET = 16.4;
				MACOSX_DEPLOYMENT_TARGET = 13.0;
				MARKETING_VERSION = 1.0;
				PRODUCT_BUNDLE_IDENTIFIER = "com.mivalme.Meli-TestUITests";
				PRODUCT_NAME = "$(TARGET_NAME)";
				SDKROOT = auto;
				SUPPORTED_PLATFORMS = "iphoneos iphonesimulator macosx";
				SWIFT_EMIT_LOC_STRINGS = NO;
				SWIFT_VERSION = 5.0;
				TARGETED_DEVICE_FAMILY = "1,2";
				TEST_TARGET_NAME = "Meli Test";
			};
			name = Release;
		};
/* End XCBuildConfiguration section */

/* Begin XCConfigurationList section */
		F0C65F672A13EBEE00D079DA /* Build configuration list for PBXProject "Meli Test" */ = {
			isa = XCConfigurationList;
			buildConfigurations = (
				F0C65F8F2A13EBEF00D079DA /* Debug */,
				F0C65F902A13EBEF00D079DA /* Release */,
			);
			defaultConfigurationIsVisible = 0;
			defaultConfigurationName = Release;
		};
		F0C65F912A13EBEF00D079DA /* Build configuration list for PBXNativeTarget "Meli Test" */ = {
			isa = XCConfigurationList;
			buildConfigurations = (
				F0C65F922A13EBEF00D079DA /* Debug */,
				F0C65F932A13EBEF00D079DA /* Release */,
			);
			defaultConfigurationIsVisible = 0;
			defaultConfigurationName = Release;
		};
		F0C65F942A13EBEF00D079DA /* Build configuration list for PBXNativeTarget "Meli TestTests" */ = {
			isa = XCConfigurationList;
			buildConfigurations = (
				F0C65F952A13EBEF00D079DA /* Debug */,
				F0C65F962A13EBEF00D079DA /* Release */,
			);
			defaultConfigurationIsVisible = 0;
			defaultConfigurationName = Release;
		};
		F0C65F972A13EBEF00D079DA /* Build configuration list for PBXNativeTarget "Meli TestUITests" */ = {
			isa = XCConfigurationList;
			buildConfigurations = (
				F0C65F982A13EBEF00D079DA /* Debug */,
				F0C65F992A13EBEF00D079DA /* Release */,
			);
			defaultConfigurationIsVisible = 0;
			defaultConfigurationName = Release;
		};
/* End XCConfigurationList section */
	};
	rootObject = F0C65F642A13EBEE00D079DA /* Project object */;
}
